// !$*UTF8*$!
{
	archiveVersion = 1;
	classes = {
	};
	objectVersion = 48;
	objects = {

/* Begin PBXBuildFile section */
		449424861F8111100016A7D8 /* AppDelegate.swift in Sources */ = {isa = PBXBuildFile; fileRef = 449424851F8111100016A7D8 /* AppDelegate.swift */; };
		449424881F8111100016A7D8 /* ViewController.swift in Sources */ = {isa = PBXBuildFile; fileRef = 449424871F8111100016A7D8 /* ViewController.swift */; };
		4494248B1F8111100016A7D8 /* Main.storyboard in Resources */ = {isa = PBXBuildFile; fileRef = 449424891F8111100016A7D8 /* Main.storyboard */; };
		4494248E1F8111100016A7D8 /* Hello_World.xcdatamodeld in Sources */ = {isa = PBXBuildFile; fileRef = 4494248C1F8111100016A7D8 /* Hello_World.xcdatamodeld */; };
		449424901F8111100016A7D8 /* Assets.xcassets in Resources */ = {isa = PBXBuildFile; fileRef = 4494248F1F8111100016A7D8 /* Assets.xcassets */; };
		449424931F8111100016A7D8 /* LaunchScreen.storyboard in Resources */ = {isa = PBXBuildFile; fileRef = 449424911F8111100016A7D8 /* LaunchScreen.storyboard */; };
		4494249E1F8111100016A7D8 /* Hello_WorldTests.swift in Sources */ = {isa = PBXBuildFile; fileRef = 4494249D1F8111100016A7D8 /* Hello_WorldTests.swift */; };
		449424A91F8111100016A7D8 /* Hello_WorldUITests.swift in Sources */ = {isa = PBXBuildFile; fileRef = 449424A81F8111100016A7D8 /* Hello_WorldUITests.swift */; };
/* End PBXBuildFile section */

/* Begin PBXContainerItemProxy section */
		4494249A1F8111100016A7D8 /* PBXContainerItemProxy */ = {
			isa = PBXContainerItemProxy;
			containerPortal = 4494247A1F8111100016A7D8 /* Project object */;
			proxyType = 1;
			remoteGlobalIDString = 449424811F8111100016A7D8;
			remoteInfo = "Hello World";
		};
		449424A51F8111100016A7D8 /* PBXContainerItemProxy */ = {
			isa = PBXContainerItemProxy;
			containerPortal = 4494247A1F8111100016A7D8 /* Project object */;
			proxyType = 1;
			remoteGlobalIDString = 449424811F8111100016A7D8;
			remoteInfo = "Hello World";
		};
/* End PBXContainerItemProxy section */

/* Begin PBXFileReference section */
		449424821F8111100016A7D8 /* Hello World.app */ = {isa = PBXFileReference; explicitFileType = wrapper.application; includeInIndex = 0; path = "Hello World.app"; sourceTree = BUILT_PRODUCTS_DIR; };
		449424851F8111100016A7D8 /* AppDelegate.swift */ = {isa = PBXFileReference; lastKnownFileType = sourcecode.swift; path = AppDelegate.swift; sourceTree = "<group>"; };
		449424871F8111100016A7D8 /* ViewController.swift */ = {isa = PBXFileReference; lastKnownFileType = sourcecode.swift; path = ViewController.swift; sourceTree = "<group>"; };
		4494248A1F8111100016A7D8 /* Base */ = {isa = PBXFileReference; lastKnownFileType = file.storyboard; name = Base; path = Base.lproj/Main.storyboard; sourceTree = "<group>"; };
		4494248D1F8111100016A7D8 /* Hello_World.xcdatamodel */ = {isa = PBXFileReference; lastKnownFileType = wrapper.xcdatamodel; path = Hello_World.xcdatamodel; sourceTree = "<group>"; };
		4494248F1F8111100016A7D8 /* Assets.xcassets */ = {isa = PBXFileReference; lastKnownFileType = folder.assetcatalog; path = Assets.xcassets; sourceTree = "<group>"; };
		449424921F8111100016A7D8 /* Base */ = {isa = PBXFileReference; lastKnownFileType = file.storyboard; name = Base; path = Base.lproj/LaunchScreen.storyboard; sourceTree = "<group>"; };
		449424941F8111100016A7D8 /* Info.plist */ = {isa = PBXFileReference; lastKnownFileType = text.plist.xml; path = Info.plist; sourceTree = "<group>"; };
		449424991F8111100016A7D8 /* Hello WorldTests.xctest */ = {isa = PBXFileReference; explicitFileType = wrapper.cfbundle; includeInIndex = 0; path = "Hello WorldTests.xctest"; sourceTree = BUILT_PRODUCTS_DIR; };
		4494249D1F8111100016A7D8 /* Hello_WorldTests.swift */ = {isa = PBXFileReference; lastKnownFileType = sourcecode.swift; path = Hello_WorldTests.swift; sourceTree = "<group>"; };
		4494249F1F8111100016A7D8 /* Info.plist */ = {isa = PBXFileReference; lastKnownFileType = text.plist.xml; path = Info.plist; sourceTree = "<group>"; };
		449424A41F8111100016A7D8 /* Hello WorldUITests.xctest */ = {isa = PBXFileReference; explicitFileType = wrapper.cfbundle; includeInIndex = 0; path = "Hello WorldUITests.xctest"; sourceTree = BUILT_PRODUCTS_DIR; };
		449424A81F8111100016A7D8 /* Hello_WorldUITests.swift */ = {isa = PBXFileReference; lastKnownFileType = sourcecode.swift; path = Hello_WorldUITests.swift; sourceTree = "<group>"; };
		449424AA1F8111100016A7D8 /* Info.plist */ = {isa = PBXFileReference; lastKnownFileType = text.plist.xml; path = Info.plist; sourceTree = "<group>"; };
/* End PBXFileReference section */

/* Begin PBXFrameworksBuildPhase section */
		4494247F1F8111100016A7D8 /* Frameworks */ = {
			isa = PBXFrameworksBuildPhase;
			buildActionMask = 2147483647;
			files = (
			);
			runOnlyForDeploymentPostprocessing = 0;
		};
		449424961F8111100016A7D8 /* Frameworks */ = {
			isa = PBXFrameworksBuildPhase;
			buildActionMask = 2147483647;
			files = (
			);
			runOnlyForDeploymentPostprocessing = 0;
		};
		449424A11F8111100016A7D8 /* Frameworks */ = {
			isa = PBXFrameworksBuildPhase;
			buildActionMask = 2147483647;
			files = (
			);
			runOnlyForDeploymentPostprocessing = 0;
		};
/* End PBXFrameworksBuildPhase section */

/* Begin PBXGroup section */
		449424791F8111100016A7D8 = {
			isa = PBXGroup;
			children = (
				449424841F8111100016A7D8 /* Hello World */,
				4494249C1F8111100016A7D8 /* Hello WorldTests */,
				449424A71F8111100016A7D8 /* Hello WorldUITests */,
				449424831F8111100016A7D8 /* Products */,
			);
			sourceTree = "<group>";
		};
		449424831F8111100016A7D8 /* Products */ = {
			isa = PBXGroup;
			children = (
				449424821F8111100016A7D8 /* Hello World.app */,
				449424991F8111100016A7D8 /* Hello WorldTests.xctest */,
				449424A41F8111100016A7D8 /* Hello WorldUITests.xctest */,
			);
			name = Products;
			sourceTree = "<group>";
		};
		449424841F8111100016A7D8 /* Hello World */ = {
			isa = PBXGroup;
			children = (
				449424851F8111100016A7D8 /* AppDelegate.swift */,
				449424871F8111100016A7D8 /* ViewController.swift */,
				449424891F8111100016A7D8 /* Main.storyboard */,
				4494248F1F8111100016A7D8 /* Assets.xcassets */,
				449424911F8111100016A7D8 /* LaunchScreen.storyboard */,
				449424941F8111100016A7D8 /* Info.plist */,
				4494248C1F8111100016A7D8 /* Hello_World.xcdatamodeld */,
			);
			path = "Hello World";
			sourceTree = "<group>";
		};
		4494249C1F8111100016A7D8 /* Hello WorldTests */ = {
			isa = PBXGroup;
			children = (
				4494249D1F8111100016A7D8 /* Hello_WorldTests.swift */,
				4494249F1F8111100016A7D8 /* Info.plist */,
			);
			path = "Hello WorldTests";
			sourceTree = "<group>";
		};
		449424A71F8111100016A7D8 /* Hello WorldUITests */ = {
			isa = PBXGroup;
			children = (
				449424A81F8111100016A7D8 /* Hello_WorldUITests.swift */,
				449424AA1F8111100016A7D8 /* Info.plist */,
			);
			path = "Hello WorldUITests";
			sourceTree = "<group>";
		};
/* End PBXGroup section */

/* Begin PBXNativeTarget section */
		449424811F8111100016A7D8 /* Hello World */ = {
			isa = PBXNativeTarget;
			buildConfigurationList = 449424AD1F8111100016A7D8 /* Build configuration list for PBXNativeTarget "Hello World" */;
			buildPhases = (
				4494247E1F8111100016A7D8 /* Sources */,
				4494247F1F8111100016A7D8 /* Frameworks */,
				449424801F8111100016A7D8 /* Resources */,
			);
			buildRules = (
			);
			dependencies = (
			);
			name = "Hello World";
			productName = "Hello World";
			productReference = 449424821F8111100016A7D8 /* Hello World.app */;
			productType = "com.apple.product-type.application";
		};
		449424981F8111100016A7D8 /* Hello WorldTests */ = {
			isa = PBXNativeTarget;
			buildConfigurationList = 449424B01F8111100016A7D8 /* Build configuration list for PBXNativeTarget "Hello WorldTests" */;
			buildPhases = (
				449424951F8111100016A7D8 /* Sources */,
				449424961F8111100016A7D8 /* Frameworks */,
				449424971F8111100016A7D8 /* Resources */,
			);
			buildRules = (
			);
			dependencies = (
				4494249B1F8111100016A7D8 /* PBXTargetDependency */,
			);
			name = "Hello WorldTests";
			productName = "Hello WorldTests";
			productReference = 449424991F8111100016A7D8 /* Hello WorldTests.xctest */;
			productType = "com.apple.product-type.bundle.unit-test";
		};
		449424A31F8111100016A7D8 /* Hello WorldUITests */ = {
			isa = PBXNativeTarget;
			buildConfigurationList = 449424B31F8111100016A7D8 /* Build configuration list for PBXNativeTarget "Hello WorldUITests" */;
			buildPhases = (
				449424A01F8111100016A7D8 /* Sources */,
				449424A11F8111100016A7D8 /* Frameworks */,
				449424A21F8111100016A7D8 /* Resources */,
			);
			buildRules = (
			);
			dependencies = (
				449424A61F8111100016A7D8 /* PBXTargetDependency */,
			);
			name = "Hello WorldUITests";
			productName = "Hello WorldUITests";
			productReference = 449424A41F8111100016A7D8 /* Hello WorldUITests.xctest */;
			productType = "com.apple.product-type.bundle.ui-testing";
		};
/* End PBXNativeTarget section */

/* Begin PBXProject section */
		4494247A1F8111100016A7D8 /* Project object */ = {
			isa = PBXProject;
			attributes = {
				LastSwiftUpdateCheck = 0900;
				LastUpgradeCheck = 0900;
				ORGANIZATIONNAME = Vanessa;
				TargetAttributes = {
					449424811F8111100016A7D8 = {
						CreatedOnToolsVersion = 9.0;
						ProvisioningStyle = Automatic;
					};
					449424981F8111100016A7D8 = {
						CreatedOnToolsVersion = 9.0;
						ProvisioningStyle = Automatic;
						TestTargetID = 449424811F8111100016A7D8;
					};
					449424A31F8111100016A7D8 = {
						CreatedOnToolsVersion = 9.0;
						ProvisioningStyle = Automatic;
						TestTargetID = 449424811F8111100016A7D8;
					};
				};
			};
			buildConfigurationList = 4494247D1F8111100016A7D8 /* Build configuration list for PBXProject "Hello World" */;
			compatibilityVersion = "Xcode 8.0";
			developmentRegion = en;
			hasScannedForEncodings = 0;
			knownRegions = (
				en,
				Base,
			);
			mainGroup = 449424791F8111100016A7D8;
			productRefGroup = 449424831F8111100016A7D8 /* Products */;
			projectDirPath = "";
			projectRoot = "";
			targets = (
				449424811F8111100016A7D8 /* Hello World */,
				449424981F8111100016A7D8 /* Hello WorldTests */,
				449424A31F8111100016A7D8 /* Hello WorldUITests */,
			);
		};
/* End PBXProject section */

/* Begin PBXResourcesBuildPhase section */
		449424801F8111100016A7D8 /* Resources */ = {
			isa = PBXResourcesBuildPhase;
			buildActionMask = 2147483647;
			files = (
				449424931F8111100016A7D8 /* LaunchScreen.storyboard in Resources */,
				449424901F8111100016A7D8 /* Assets.xcassets in Resources */,
				4494248B1F8111100016A7D8 /* Main.storyboard in Resources */,
			);
			runOnlyForDeploymentPostprocessing = 0;
		};
		449424971F8111100016A7D8 /* Resources */ = {
			isa = PBXResourcesBuildPhase;
			buildActionMask = 2147483647;
			files = (
			);
			runOnlyForDeploymentPostprocessing = 0;
		};
		449424A21F8111100016A7D8 /* Resources */ = {
			isa = PBXResourcesBuildPhase;
			buildActionMask = 2147483647;
			files = (
			);
			runOnlyForDeploymentPostprocessing = 0;
		};
/* End PBXResourcesBuildPhase section */

/* Begin PBXSourcesBuildPhase section */
		4494247E1F8111100016A7D8 /* Sources */ = {
			isa = PBXSourcesBuildPhase;
			buildActionMask = 2147483647;
			files = (
				4494248E1F8111100016A7D8 /* Hello_World.xcdatamodeld in Sources */,
				449424881F8111100016A7D8 /* ViewController.swift in Sources */,
				449424861F8111100016A7D8 /* AppDelegate.swift in Sources */,
			);
			runOnlyForDeploymentPostprocessing = 0;
		};
		449424951F8111100016A7D8 /* Sources */ = {
			isa = PBXSourcesBuildPhase;
			buildActionMask = 2147483647;
			files = (
				4494249E1F8111100016A7D8 /* Hello_WorldTests.swift in Sources */,
			);
			runOnlyForDeploymentPostprocessing = 0;
		};
		449424A01F8111100016A7D8 /* Sources */ = {
			isa = PBXSourcesBuildPhase;
			buildActionMask = 2147483647;
			files = (
				449424A91F8111100016A7D8 /* Hello_WorldUITests.swift in Sources */,
			);
			runOnlyForDeploymentPostprocessing = 0;
		};
/* End PBXSourcesBuildPhase section */

/* Begin PBXTargetDependency section */
		4494249B1F8111100016A7D8 /* PBXTargetDependency */ = {
			isa = PBXTargetDependency;
			target = 449424811F8111100016A7D8 /* Hello World */;
			targetProxy = 4494249A1F8111100016A7D8 /* PBXContainerItemProxy */;
		};
		449424A61F8111100016A7D8 /* PBXTargetDependency */ = {
			isa = PBXTargetDependency;
			target = 449424811F8111100016A7D8 /* Hello World */;
			targetProxy = 449424A51F8111100016A7D8 /* PBXContainerItemProxy */;
		};
/* End PBXTargetDependency section */

/* Begin PBXVariantGroup section */
		449424891F8111100016A7D8 /* Main.storyboard */ = {
			isa = PBXVariantGroup;
			children = (
				4494248A1F8111100016A7D8 /* Base */,
			);
			name = Main.storyboard;
			sourceTree = "<group>";
		};
		449424911F8111100016A7D8 /* LaunchScreen.storyboard */ = {
			isa = PBXVariantGroup;
			children = (
				449424921F8111100016A7D8 /* Base */,
			);
			name = LaunchScreen.storyboard;
			sourceTree = "<group>";
		};
/* End PBXVariantGroup section */

/* Begin XCBuildConfiguration section */
		449424AB1F8111100016A7D8 /* Debug */ = {
			isa = XCBuildConfiguration;
			buildSettings = {
				ALWAYS_SEARCH_USER_PATHS = NO;
				CLANG_ANALYZER_NONNULL = YES;
				CLANG_ANALYZER_NUMBER_OBJECT_CONVERSION = YES_AGGRESSIVE;
				CLANG_CXX_LANGUAGE_STANDARD = "gnu++14";
				CLANG_CXX_LIBRARY = "libc++";
				CLANG_ENABLE_MODULES = YES;
				CLANG_ENABLE_OBJC_ARC = YES;
				CLANG_WARN_BLOCK_CAPTURE_AUTORELEASING = YES;
				CLANG_WARN_BOOL_CONVERSION = YES;
				CLANG_WARN_COMMA = YES;
				CLANG_WARN_CONSTANT_CONVERSION = YES;
				CLANG_WARN_DIRECT_OBJC_ISA_USAGE = YES_ERROR;
				CLANG_WARN_DOCUMENTATION_COMMENTS = YES;
				CLANG_WARN_EMPTY_BODY = YES;
				CLANG_WARN_ENUM_CONVERSION = YES;
				CLANG_WARN_INFINITE_RECURSION = YES;
				CLANG_WARN_INT_CONVERSION = YES;
				CLANG_WARN_NON_LITERAL_NULL_CONVERSION = YES;
				CLANG_WARN_OBJC_LITERAL_CONVERSION = YES;
				CLANG_WARN_OBJC_ROOT_CLASS = YES_ERROR;
				CLANG_WARN_RANGE_LOOP_ANALYSIS = YES;
				CLANG_WARN_STRICT_PROTOTYPES = YES;
				CLANG_WARN_SUSPICIOUS_MOVE = YES;
				CLANG_WARN_UNGUARDED_AVAILABILITY = YES_AGGRESSIVE;
				CLANG_WARN_UNREACHABLE_CODE = YES;
				CLANG_WARN__DUPLICATE_METHOD_MATCH = YES;
				CODE_SIGN_IDENTITY = "iPhone Developer";
				COPY_PHASE_STRIP = NO;
				DEBUG_INFORMATION_FORMAT = dwarf;
				ENABLE_STRICT_OBJC_MSGSEND = YES;
				ENABLE_TESTABILITY = YES;
				GCC_C_LANGUAGE_STANDARD = gnu11;
				GCC_DYNAMIC_NO_PIC = NO;
				GCC_NO_COMMON_BLOCKS = YES;
				GCC_OPTIMIZATION_LEVEL = 0;
				GCC_PREPROCESSOR_DEFINITIONS = (
					"DEBUG=1",
					"$(inherited)",
				);
				GCC_WARN_64_TO_32_BIT_CONVERSION = YES;
				GCC_WARN_ABOUT_RETURN_TYPE = YES_ERROR;
				GCC_WARN_UNDECLARED_SELECTOR = YES;
				GCC_WARN_UNINITIALIZED_AUTOS = YES_AGGRESSIVE;
				GCC_WARN_UNUSED_FUNCTION = YES;
				GCC_WARN_UNUSED_VARIABLE = YES;
				IPHONEOS_DEPLOYMENT_TARGET = 11.0;
				MTL_ENABLE_DEBUG_INFO = YES;
				ONLY_ACTIVE_ARCH = YES;
				SDKROOT = iphoneos;
				SWIFT_ACTIVE_COMPILATION_CONDITIONS = DEBUG;
				SWIFT_OPTIMIZATION_LEVEL = "-Onone";
			};
			name = Debug;
		};
		449424AC1F8111100016A7D8 /* Release */ = {
			isa = XCBuildConfiguration;
			buildSettings = {
				ALWAYS_SEARCH_USER_PATHS = NO;
				CLANG_ANALYZER_NONNULL = YES;
				CLANG_ANALYZER_NUMBER_OBJECT_CONVERSION = YES_AGGRESSIVE;
				CLANG_CXX_LANGUAGE_STANDARD = "gnu++14";
				CLANG_CXX_LIBRARY = "libc++";
				CLANG_ENABLE_MODULES = YES;
				CLANG_ENABLE_OBJC_ARC = YES;
				CLANG_WARN_BLOCK_CAPTURE_AUTORELEASING = YES;
				CLANG_WARN_BOOL_CONVERSION = YES;
				CLANG_WARN_COMMA = YES;
				CLANG_WARN_CONSTANT_CONVERSION = YES;
				CLANG_WARN_DIRECT_OBJC_ISA_USAGE = YES_ERROR;
				CLANG_WARN_DOCUMENTATION_COMMENTS = YES;
				CLANG_WARN_EMPTY_BODY = YES;
				CLANG_WARN_ENUM_CONVERSION = YES;
				CLANG_WARN_INFINITE_RECURSION = YES;
				CLANG_WARN_INT_CONVERSION = YES;
				CLANG_WARN_NON_LITERAL_NULL_CONVERSION = YES;
				CLANG_WARN_OBJC_LITERAL_CONVERSION = YES;
				CLANG_WARN_OBJC_ROOT_CLASS = YES_ERROR;
				CLANG_WARN_RANGE_LOOP_ANALYSIS = YES;
				CLANG_WARN_STRICT_PROTOTYPES = YES;
				CLANG_WARN_SUSPICIOUS_MOVE = YES;
				CLANG_WARN_UNGUARDED_AVAILABILITY = YES_AGGRESSIVE;
				CLANG_WARN_UNREACHABLE_CODE = YES;
				CLANG_WARN__DUPLICATE_METHOD_MATCH = YES;
				CODE_SIGN_IDENTITY = "iPhone Developer";
				COPY_PHASE_STRIP = NO;
				DEBUG_INFORMATION_FORMAT = "dwarf-with-dsym";
				ENABLE_NS_ASSERTIONS = NO;
				ENABLE_STRICT_OBJC_MSGSEND = YES;
				GCC_C_LANGUAGE_STANDARD = gnu11;
				GCC_NO_COMMON_BLOCKS = YES;
				GCC_WARN_64_TO_32_BIT_CONVERSION = YES;
				GCC_WARN_ABOUT_RETURN_TYPE = YES_ERROR;
				GCC_WARN_UNDECLARED_SELECTOR = YES;
				GCC_WARN_UNINITIALIZED_AUTOS = YES_AGGRESSIVE;
				GCC_WARN_UNUSED_FUNCTION = YES;
				GCC_WARN_UNUSED_VARIABLE = YES;
				IPHONEOS_DEPLOYMENT_TARGET = 11.0;
				MTL_ENABLE_DEBUG_INFO = NO;
				SDKROOT = iphoneos;
				SWIFT_OPTIMIZATION_LEVEL = "-Owholemodule";
				VALIDATE_PRODUCT = YES;
			};
			name = Release;
		};
		449424AE1F8111100016A7D8 /* Debug */ = {
			isa = XCBuildConfiguration;
			buildSettings = {
				ASSETCATALOG_COMPILER_APPICON_NAME = AppIcon;
				CODE_SIGN_STYLE = Automatic;
				INFOPLIST_FILE = "Hello World/Info.plist";
				LD_RUNPATH_SEARCH_PATHS = "$(inherited) @executable_path/Frameworks";
				PRODUCT_BUNDLE_IDENTIFIER = "com.Vanessa.Hello-World";
				PRODUCT_NAME = "$(TARGET_NAME)";
				SWIFT_VERSION = 4.0;
				TARGETED_DEVICE_FAMILY = "1,2";
			};
			name = Debug;
		};
		449424AF1F8111100016A7D8 /* Release */ = {
			isa = XCBuildConfiguration;
			buildSettings = {
				ASSETCATALOG_COMPILER_APPICON_NAME = AppIcon;
				CODE_SIGN_STYLE = Automatic;
				INFOPLIST_FILE = "Hello World/Info.plist";
				LD_RUNPATH_SEARCH_PATHS = "$(inherited) @executable_path/Frameworks";
				PRODUCT_BUNDLE_IDENTIFIER = "com.Vanessa.Hello-World";
				PRODUCT_NAME = "$(TARGET_NAME)";
				SWIFT_VERSION = 4.0;
				TARGETED_DEVICE_FAMILY = "1,2";
			};
			name = Release;
		};
		449424B11F8111100016A7D8 /* Debug */ = {
			isa = XCBuildConfiguration;
			buildSettings = {
				ALWAYS_EMBED_SWIFT_STANDARD_LIBRARIES = YES;
				BUNDLE_LOADER = "$(TEST_HOST)";
				CODE_SIGN_STYLE = Automatic;
				INFOPLIST_FILE = "Hello WorldTests/Info.plist";
				LD_RUNPATH_SEARCH_PATHS = "$(inherited) @executable_path/Frameworks @loader_path/Frameworks";
				PRODUCT_BUNDLE_IDENTIFIER = "com.Vanessa.Hello-WorldTests";
				PRODUCT_NAME = "$(TARGET_NAME)";
				SWIFT_VERSION = 4.0;
				TARGETED_DEVICE_FAMILY = "1,2";
				TEST_HOST = "$(BUILT_PRODUCTS_DIR)/Hello World.app/Hello World";
			};
			name = Debug;
		};
		449424B21F8111100016A7D8 /* Release */ = {
			isa = XCBuildConfiguration;
			buildSettings = {
				ALWAYS_EMBED_SWIFT_STANDARD_LIBRARIES = YES;
				BUNDLE_LOADER = "$(TEST_HOST)";
				CODE_SIGN_STYLE = Automatic;
				INFOPLIST_FILE = "Hello WorldTests/Info.plist";
				LD_RUNPATH_SEARCH_PATHS = "$(inherited) @executable_path/Frameworks @loader_path/Frameworks";
				PRODUCT_BUNDLE_IDENTIFIER = "com.Vanessa.Hello-WorldTests";
				PRODUCT_NAME = "$(TARGET_NAME)";
				SWIFT_VERSION = 4.0;
				TARGETED_DEVICE_FAMILY = "1,2";
				TEST_HOST = "$(BUILT_PRODUCTS_DIR)/Hello World.app/Hello World";
			};
			name = Release;
		};
		449424B41F8111100016A7D8 /* Debug */ = {
			isa = XCBuildConfiguration;
			buildSettings = {
				ALWAYS_EMBED_SWIFT_STANDARD_LIBRARIES = YES;
				CODE_SIGN_STYLE = Automatic;
				INFOPLIST_FILE = "Hello WorldUITests/Info.plist";
				LD_RUNPATH_SEARCH_PATHS = "$(inherited) @executable_path/Frameworks @loader_path/Frameworks";
				PRODUCT_BUNDLE_IDENTIFIER = "com.Vanessa.Hello-WorldUITests";
				PRODUCT_NAME = "$(TARGET_NAME)";
				SWIFT_VERSION = 4.0;
				TARGETED_DEVICE_FAMILY = "1,2";
				TEST_TARGET_NAME = "Hello World";
			};
			name = Debug;
		};
		449424B51F8111100016A7D8 /* Release */ = {
			isa = XCBuildConfiguration;
			buildSettings = {
				ALWAYS_EMBED_SWIFT_STANDARD_LIBRARIES = YES;
				CODE_SIGN_STYLE = Automatic;
				INFOPLIST_FILE = "Hello WorldUITests/Info.plist";
				LD_RUNPATH_SEARCH_PATHS = "$(inherited) @executable_path/Frameworks @loader_path/Frameworks";
				PRODUCT_BUNDLE_IDENTIFIER = "com.Vanessa.Hello-WorldUITests";
				PRODUCT_NAME = "$(TARGET_NAME)";
				SWIFT_VERSION = 4.0;
				TARGETED_DEVICE_FAMILY = "1,2";
				TEST_TARGET_NAME = "Hello World";
			};
			name = Release;
		};
/* End XCBuildConfiguration section */

/* Begin XCConfigurationList section */
		4494247D1F8111100016A7D8 /* Build configuration list for PBXProject "Hello World" */ = {
			isa = XCConfigurationList;
			buildConfigurations = (
				449424AB1F8111100016A7D8 /* Debug */,
				449424AC1F8111100016A7D8 /* Release */,
			);
			defaultConfigurationIsVisible = 0;
			defaultConfigurationName = Release;
		};
		449424AD1F8111100016A7D8 /* Build configuration list for PBXNativeTarget "Hello World" */ = {
			isa = XCConfigurationList;
			buildConfigurations = (
				449424AE1F8111100016A7D8 /* Debug */,
				449424AF1F8111100016A7D8 /* Release */,
			);
			defaultConfigurationIsVisible = 0;
			defaultConfigurationName = Release;
		};
		449424B01F8111100016A7D8 /* Build configuration list for PBXNativeTarget "Hello WorldTests" */ = {
			isa = XCConfigurationList;
			buildConfigurations = (
				449424B11F8111100016A7D8 /* Debug */,
				449424B21F8111100016A7D8 /* Release */,
			);
			defaultConfigurationIsVisible = 0;
			defaultConfigurationName = Release;
		};
		449424B31F8111100016A7D8 /* Build configuration list for PBXNativeTarget "Hello WorldUITests" */ = {
			isa = XCConfigurationList;
			buildConfigurations = (
				449424B41F8111100016A7D8 /* Debug */,
				449424B51F8111100016A7D8 /* Release */,
			);
			defaultConfigurationIsVisible = 0;
			defaultConfigurationName = Release;
		};
/* End XCConfigurationList section */

/* Begin XCVersionGroup section */
		4494248C1F8111100016A7D8 /* Hello_World.xcdatamodeld */ = {
			isa = XCVersionGroup;
			children = (
				4494248D1F8111100016A7D8 /* Hello_World.xcdatamodel */,
			);
			currentVersion = 4494248D1F8111100016A7D8 /* Hello_World.xcdatamodel */;
			path = Hello_World.xcdatamodeld;
			sourceTree = "<group>";
			versionGroupType = wrapper.xcdatamodel;
		};
/* End XCVersionGroup section */
	};
	rootObject = 4494247A1F8111100016A7D8 /* Project object */;
}
